{
  "name": "blokvolt-rs",
  "version": "1.0.0",
  "lockfileVersion": 3,
  "requires": true,
  "packages": {
    "": {
      "name": "blokvolt-rs",
      "version": "1.0.0",
      "license": "ISC",
      "dependencies": {
        "@fontsource-variable/onest": "^5.3.1",
        "gsap": "^3.15.0"
      }
    },
    "node_modules/@fontsource-variable/onest": {
      "version": "5.3.1",
      "resolved": "https://registry.npmjs.org/@fontsource-variable/onest/-/onest-5.3.1.tgz",
      "integrity": "sha512-xaaw6G4HDB2/RczsWLD/2bnib4ykmQlTlBUN3GOEOiyErilZukQWVJG95h9zwAy0i8KY+QzDa+COPfqhI72Acw==",
      "license": "OFL-1.1",
      "funding": {
        "url": "https://github.com/sponsors/ayuhito"
      }
    },
    "node_modules/gsap": {
      "version": "3.15.0",
      "resolved": "https://registry.npmjs.org/gsap/-/gsap-3.15.0.tgz",
      "integrity": "sha512-dMW4CWBTUK1AEEDeZc1g4xpPGIrSf9fJF960qbTZmN/QwZIWY5wgliS6JWl9/25fpTGJrMRtSjGtOmPnfjZB+A==",
      "license": "Standard 'no charge' license: https://gsap.com/standard-license."
    }
  }
}
